
Microsoft Visual Studio Solution File, Format Version 12.00
# Visual Studio Version 17
VisualStudioVersion = 17.6.33801.468
MinimumVisualStudioVersion = 10.0.40219.1
Project("{9A19103F-16F7-4668-BE54-9A1E7A4F7556}") = "EmsWeb", "EmsWeb.csproj", "{BD1886F7-4846-4664-B7D9-3B63567F9C33}"
EndProject
Global
	GlobalSection(SolutionConfigurationPlatforms) = preSolution
		Debug|Any CPU = Debug|Any CPU
		Release|Any CPU = Release|Any CPU
	EndGlobalSection
	GlobalSection(ProjectConfigurationPlatforms) = postSolution
		{BD1886F7-4846-4664-B7D9-3B63567F9C33}.Debug|Any CPU.ActiveCfg = Debug|Any CPU
		{BD1886F7-4846-4664-B7D9-3B63567F9C33}.Debug|Any CPU.Build.0 = Debug|Any CPU
		{BD1886F7-4846-4664-B7D9-3B63567F9C33}.Release|Any CPU.ActiveCfg = Release|Any CPU
		{BD1886F7-4846-4664-B7D9-3B63567F9C33}.Release|Any CPU.Build.0 = Release|Any CPU
	EndGlobalSection
	GlobalSection(SolutionProperties) = preSolution
		HideSolutionNode = FALSE
	EndGlobalSection
	GlobalSection(ExtensibilityGlobals) = postSolution
		SolutionGuid = {425C993B-E3D0-4C58-9100-531B6D1BE9E6}
	EndGlobalSection
EndGlobal
